
Microsoft Visual Studio Solution File, Format Version 12.00
# Visual Studio 15
VisualStudioVersion = 15.0.27004.2006
MinimumVisualStudioVersion = 10.0.40219.1
Project("{FAE04EC0-301F-11D3-BF4B-00C04F79EFBC}") = "YzTimeLine", "YzTimeLine\YzTimeLine.csproj", "{2A24D3C6-52BC-44C8-8A3C-864E55AD05A7}"
EndProject
Project("{FAE04EC0-301F-11D3-BF4B-00C04F79EFBC}") = "TimeLine", "TimeLine\TimeLine.csproj", "{5093B3B3-8BEA-4801-92C8-B7C41EEE610C}"
EndProject
Global
	GlobalSection(SolutionConfigurationPlatforms) = preSolution
		Debug|Any CPU = Debug|Any CPU
		Release|Any CPU = Release|Any CPU
	EndGlobalSection
	GlobalSection(ProjectConfigurationPlatforms) = postSolution
		{2A24D3C6-52BC-44C8-8A3C-864E55AD05A7}.Debug|Any CPU.ActiveCfg = Debug|Any CPU
		{2A24D3C6-52BC-44C8-8A3C-864E55AD05A7}.Debug|Any CPU.Build.0 = Debug|Any CPU
		{2A24D3C6-52BC-44C8-8A3C-864E55AD05A7}.Release|Any CPU.ActiveCfg = Release|Any CPU
		{2A24D3C6-52BC-44C8-8A3C-864E55AD05A7}.Release|Any CPU.Build.0 = Release|Any CPU
		{5093B3B3-8BEA-4801-92C8-B7C41EEE610C}.Debug|Any CPU.ActiveCfg = Debug|Any CPU
		{5093B3B3-8BEA-4801-92C8-B7C41EEE610C}.Debug|Any CPU.Build.0 = Debug|Any CPU
		{5093B3B3-8BEA-4801-92C8-B7C41EEE610C}.Release|Any CPU.ActiveCfg = Release|Any CPU
		{5093B3B3-8BEA-4801-92C8-B7C41EEE610C}.Release|Any CPU.Build.0 = Release|Any CPU
	EndGlobalSection
	GlobalSection(SolutionProperties) = preSolution
		HideSolutionNode = FALSE
	EndGlobalSection
	GlobalSection(ExtensibilityGlobals) = postSolution
		SolutionGuid = {E421B1C3-8E5C-41C0-852C-55D325265022}
	EndGlobalSection
EndGlobal
